
Microsoft Visual Studio Solution File, Format Version 12.00
# Visual Studio Version 16
VisualStudioVersion = 16.0.30517.126
MinimumVisualStudioVersion = 10.0.40219.1
Project("{9092AA53-FB77-4645-B42D-1CCCA6BD08BD}") = "COMP2068-Lab-1", "COMP2068-Lab-1\COMP2068-Lab-1.njsproj", "{BFCB3D09-1C79-4073-9F19-3AE5EB96DADC}"
EndProject
Global
	GlobalSection(SolutionConfigurationPlatforms) = preSolution
		Debug|Any CPU = Debug|Any CPU
		Release|Any CPU = Release|Any CPU
	EndGlobalSection
	GlobalSection(ProjectConfigurationPlatforms) = postSolution
		{BFCB3D09-1C79-4073-9F19-3AE5EB96DADC}.Debug|Any CPU.ActiveCfg = Debug|Any CPU
		{BFCB3D09-1C79-4073-9F19-3AE5EB96DADC}.Debug|Any CPU.Build.0 = Debug|Any CPU
		{BFCB3D09-1C79-4073-9F19-3AE5EB96DADC}.Release|Any CPU.ActiveCfg = Release|Any CPU
		{BFCB3D09-1C79-4073-9F19-3AE5EB96DADC}.Release|Any CPU.Build.0 = Release|Any CPU
	EndGlobalSection
	GlobalSection(SolutionProperties) = preSolution
		HideSolutionNode = FALSE
	EndGlobalSection
	GlobalSection(ExtensibilityGlobals) = postSolution
		SolutionGuid = {B3BA68A2-E213-43EC-BC20-BB20143B36E7}
	EndGlobalSection
EndGlobal
